
Microsoft Visual Studio Solution File, Format Version 12.00
# Visual Studio Version 17
VisualStudioVersion = 17.13.35931.197 d17.13
MinimumVisualStudioVersion = 10.0.40219.1
Project("{FAE04EC0-301F-11D3-BF4B-00C04F79EFBC}") = "HxPlayer", "HxPlayer\HxPlayer.csproj", "{1C40D343-E5A6-4A52-BC93-82662F98730C}"
EndProject
Global
	GlobalSection(SolutionConfigurationPlatforms) = preSolution
		Debug|Any CPU = Debug|Any CPU
		Release|Any CPU = Release|Any CPU
	EndGlobalSection
	GlobalSection(ProjectConfigurationPlatforms) = postSolution
		{1C40D343-E5A6-4A52-BC93-82662F98730C}.Debug|Any CPU.ActiveCfg = Debug|Any CPU
		{1C40D343-E5A6-4A52-BC93-82662F98730C}.Debug|Any CPU.Build.0 = Debug|Any CPU
		{1C40D343-E5A6-4A52-BC93-82662F98730C}.Release|Any CPU.ActiveCfg = Release|Any CPU
		{1C40D343-E5A6-4A52-BC93-82662F98730C}.Release|Any CPU.Build.0 = Release|Any CPU
	EndGlobalSection
	GlobalSection(SolutionProperties) = preSolution
		HideSolutionNode = FALSE
	EndGlobalSection
	GlobalSection(ExtensibilityGlobals) = postSolution
		SolutionGuid = {B0D5B651-7AFB-4D97-8AE1-8926ACF7A715}
	EndGlobalSection
EndGlobal
